// !$*UTF8*$!
{
	archiveVersion = 1;
	classes = {
	};
	objectVersion = 55;
	objects = {

/* Begin PBXBuildFile section */
		8C4A5E7673045C6AB97DB926 /* Pods_AppLikeTwitter.framework in Frameworks */ = {isa = PBXBuildFile; fileRef = BA2F9A83AC035B112CBCA41D /* Pods_AppLikeTwitter.framework */; };
		BC52CB082727C07A008254F9 /* Endpoints.swift in Sources */ = {isa = PBXBuildFile; fileRef = BC52CB072727C07A008254F9 /* Endpoints.swift */; };
		BC52CB0B2727C0C0008254F9 /* LoginRequest.swift in Sources */ = {isa = PBXBuildFile; fileRef = BC52CB0A2727C0C0008254F9 /* LoginRequest.swift */; };
		BC52CB0D2727C105008254F9 /* LoginResponse.swift in Sources */ = {isa = PBXBuildFile; fileRef = BC52CB0C2727C105008254F9 /* LoginResponse.swift */; };
		BC52CB0F2727C137008254F9 /* ErrorResponse.swift in Sources */ = {isa = PBXBuildFile; fileRef = BC52CB0E2727C137008254F9 /* ErrorResponse.swift */; };
		BC52CB112727C159008254F9 /* User.swift in Sources */ = {isa = PBXBuildFile; fileRef = BC52CB102727C159008254F9 /* User.swift */; };
		BC52CB132728E6E5008254F9 /* Tweets.swift in Sources */ = {isa = PBXBuildFile; fileRef = BC52CB122728E6E5008254F9 /* Tweets.swift */; };
		BC52CB152728E899008254F9 /* Location.swift in Sources */ = {isa = PBXBuildFile; fileRef = BC52CB142728E899008254F9 /* Location.swift */; };
		BC52CB172728E958008254F9 /* DeleteResponse.swift in Sources */ = {isa = PBXBuildFile; fileRef = BC52CB162728E958008254F9 /* DeleteResponse.swift */; };
		BC52CB192728E9C0008254F9 /* TweetRequest.swift in Sources */ = {isa = PBXBuildFile; fileRef = BC52CB182728E9C0008254F9 /* TweetRequest.swift */; };
		BC97B032271E653100826F81 /* AppDelegate.swift in Sources */ = {isa = PBXBuildFile; fileRef = BC97B031271E653100826F81 /* AppDelegate.swift */; };
		BC97B036271E653100826F81 /* ViewController.swift in Sources */ = {isa = PBXBuildFile; fileRef = BC97B035271E653100826F81 /* ViewController.swift */; };
		BC97B03B271E653200826F81 /* Assets.xcassets in Resources */ = {isa = PBXBuildFile; fileRef = BC97B03A271E653200826F81 /* Assets.xcassets */; };
		BC97B03E271E653200826F81 /* LaunchScreen.storyboard in Resources */ = {isa = PBXBuildFile; fileRef = BC97B03C271E653200826F81 /* LaunchScreen.storyboard */; };
		BC97B049271FB8A800826F81 /* Welcome.storyboard in Resources */ = {isa = PBXBuildFile; fileRef = BC97B048271FB8A800826F81 /* Welcome.storyboard */; };
		BC97B04B272117B300826F81 /* WelcomeViewController.swift in Sources */ = {isa = PBXBuildFile; fileRef = BC97B04A272117B300826F81 /* WelcomeViewController.swift */; };
		BC97B04D272117CB00826F81 /* LoginViewController.swift in Sources */ = {isa = PBXBuildFile; fileRef = BC97B04C272117CB00826F81 /* LoginViewController.swift */; };
		BC97B04F272117D800826F81 /* RegisterViewController.swift in Sources */ = {isa = PBXBuildFile; fileRef = BC97B04E272117D800826F81 /* RegisterViewController.swift */; };
		BC97B0522722715100826F81 /* Home.storyboard in Resources */ = {isa = PBXBuildFile; fileRef = BC97B0512722715100826F81 /* Home.storyboard */; };
		BCD49476272B902300631834 /* RegisterRequest.swift in Sources */ = {isa = PBXBuildFile; fileRef = BCD49475272B902300631834 /* RegisterRequest.swift */; };
/* End PBXBuildFile section */

/* Begin PBXFileReference section */
		BA2F9A83AC035B112CBCA41D /* Pods_AppLikeTwitter.framework */ = {isa = PBXFileReference; explicitFileType = wrapper.framework; includeInIndex = 0; path = Pods_AppLikeTwitter.framework; sourceTree = BUILT_PRODUCTS_DIR; };
		BC52CB072727C07A008254F9 /* Endpoints.swift */ = {isa = PBXFileReference; lastKnownFileType = sourcecode.swift; path = Endpoints.swift; sourceTree = "<group>"; };
		BC52CB0A2727C0C0008254F9 /* LoginRequest.swift */ = {isa = PBXFileReference; lastKnownFileType = sourcecode.swift; path = LoginRequest.swift; sourceTree = "<group>"; };
		BC52CB0C2727C105008254F9 /* LoginResponse.swift */ = {isa = PBXFileReference; lastKnownFileType = sourcecode.swift; path = LoginResponse.swift; sourceTree = "<group>"; };
		BC52CB0E2727C137008254F9 /* ErrorResponse.swift */ = {isa = PBXFileReference; lastKnownFileType = sourcecode.swift; path = ErrorResponse.swift; sourceTree = "<group>"; };
		BC52CB102727C159008254F9 /* User.swift */ = {isa = PBXFileReference; lastKnownFileType = sourcecode.swift; path = User.swift; sourceTree = "<group>"; };
		BC52CB122728E6E5008254F9 /* Tweets.swift */ = {isa = PBXFileReference; lastKnownFileType = sourcecode.swift; path = Tweets.swift; sourceTree = "<group>"; };
		BC52CB142728E899008254F9 /* Location.swift */ = {isa = PBXFileReference; lastKnownFileType = sourcecode.swift; path = Location.swift; sourceTree = "<group>"; };
		BC52CB162728E958008254F9 /* DeleteResponse.swift */ = {isa = PBXFileReference; lastKnownFileType = sourcecode.swift; path = DeleteResponse.swift; sourceTree = "<group>"; };
		BC52CB182728E9C0008254F9 /* TweetRequest.swift */ = {isa = PBXFileReference; lastKnownFileType = sourcecode.swift; path = TweetRequest.swift; sourceTree = "<group>"; };
		BC97B02E271E653100826F81 /* AppLikeTwitter.app */ = {isa = PBXFileReference; explicitFileType = wrapper.application; includeInIndex = 0; path = AppLikeTwitter.app; sourceTree = BUILT_PRODUCTS_DIR; };
		BC97B031271E653100826F81 /* AppDelegate.swift */ = {isa = PBXFileReference; lastKnownFileType = sourcecode.swift; path = AppDelegate.swift; sourceTree = "<group>"; };
		BC97B035271E653100826F81 /* ViewController.swift */ = {isa = PBXFileReference; lastKnownFileType = sourcecode.swift; path = ViewController.swift; sourceTree = "<group>"; };
		BC97B03A271E653200826F81 /* Assets.xcassets */ = {isa = PBXFileReference; lastKnownFileType = folder.assetcatalog; path = Assets.xcassets; sourceTree = "<group>"; };
		BC97B03D271E653200826F81 /* Base */ = {isa = PBXFileReference; lastKnownFileType = file.storyboard; name = Base; path = Base.lproj/LaunchScreen.storyboard; sourceTree = "<group>"; };
		BC97B03F271E653200826F81 /* Info.plist */ = {isa = PBXFileReference; lastKnownFileType = text.plist.xml; path = Info.plist; sourceTree = "<group>"; };
		BC97B048271FB8A800826F81 /* Welcome.storyboard */ = {isa = PBXFileReference; lastKnownFileType = file.storyboard; path = Welcome.storyboard; sourceTree = "<group>"; };
		BC97B04A272117B300826F81 /* WelcomeViewController.swift */ = {isa = PBXFileReference; lastKnownFileType = sourcecode.swift; path = WelcomeViewController.swift; sourceTree = "<group>"; };
		BC97B04C272117CB00826F81 /* LoginViewController.swift */ = {isa = PBXFileReference; lastKnownFileType = sourcecode.swift; path = LoginViewController.swift; sourceTree = "<group>"; };
		BC97B04E272117D800826F81 /* RegisterViewController.swift */ = {isa = PBXFileReference; lastKnownFileType = sourcecode.swift; path = RegisterViewController.swift; sourceTree = "<group>"; };
		BC97B0512722715100826F81 /* Home.storyboard */ = {isa = PBXFileReference; lastKnownFileType = file.storyboard; path = Home.storyboard; sourceTree = "<group>"; };
		BCD49475272B902300631834 /* RegisterRequest.swift */ = {isa = PBXFileReference; lastKnownFileType = sourcecode.swift; path = RegisterRequest.swift; sourceTree = "<group>"; };
		C9C534E2324B57B02BFB3A5D /* Pods-AppLikeTwitter.debug.xcconfig */ = {isa = PBXFileReference; includeInIndex = 1; lastKnownFileType = text.xcconfig; name = "Pods-AppLikeTwitter.debug.xcconfig"; path = "Target Support Files/Pods-AppLikeTwitter/Pods-AppLikeTwitter.debug.xcconfig"; sourceTree = "<group>"; };
		D23417C610E8524A7DED044D /* Pods-AppLikeTwitter.release.xcconfig */ = {isa = PBXFileReference; includeInIndex = 1; lastKnownFileType = text.xcconfig; name = "Pods-AppLikeTwitter.release.xcconfig"; path = "Target Support Files/Pods-AppLikeTwitter/Pods-AppLikeTwitter.release.xcconfig"; sourceTree = "<group>"; };
/* End PBXFileReference section */

/* Begin PBXFrameworksBuildPhase section */
		BC97B02B271E653100826F81 /* Frameworks */ = {
			isa = PBXFrameworksBuildPhase;
			buildActionMask = 2147483647;
			files = (
				8C4A5E7673045C6AB97DB926 /* Pods_AppLikeTwitter.framework in Frameworks */,
			);
			runOnlyForDeploymentPostprocessing = 0;
		};
/* End PBXFrameworksBuildPhase section */

/* Begin PBXGroup section */
		5DE098E990DADB62C4DD6FCE /* Pods */ = {
			isa = PBXGroup;
			children = (
				C9C534E2324B57B02BFB3A5D /* Pods-AppLikeTwitter.debug.xcconfig */,
				D23417C610E8524A7DED044D /* Pods-AppLikeTwitter.release.xcconfig */,
			);
			path = Pods;
			sourceTree = "<group>";
		};
		BC52CB062727C046008254F9 /* Models */ = {
			isa = PBXGroup;
			children = (
				BC52CB072727C07A008254F9 /* Endpoints.swift */,
				BC52CB0A2727C0C0008254F9 /* LoginRequest.swift */,
				BC52CB0C2727C105008254F9 /* LoginResponse.swift */,
				BC52CB0E2727C137008254F9 /* ErrorResponse.swift */,
				BC52CB102727C159008254F9 /* User.swift */,
				BC52CB122728E6E5008254F9 /* Tweets.swift */,
				BC52CB142728E899008254F9 /* Location.swift */,
				BC52CB162728E958008254F9 /* DeleteResponse.swift */,
				BC52CB182728E9C0008254F9 /* TweetRequest.swift */,
				BCD49475272B902300631834 /* RegisterRequest.swift */,
			);
			path = Models;
			sourceTree = "<group>";
		};
		BC97B025271E653100826F81 = {
			isa = PBXGroup;
			children = (
				BC97B030271E653100826F81 /* AppLikeTwitter */,
				BC97B02F271E653100826F81 /* Products */,
				5DE098E990DADB62C4DD6FCE /* Pods */,
				E61F0E97A6E9611872816DB9 /* Frameworks */,
			);
			sourceTree = "<group>";
		};
		BC97B02F271E653100826F81 /* Products */ = {
			isa = PBXGroup;
			children = (
				BC97B02E271E653100826F81 /* AppLikeTwitter.app */,
			);
			name = Products;
			sourceTree = "<group>";
		};
		BC97B030271E653100826F81 /* AppLikeTwitter */ = {
			isa = PBXGroup;
			children = (
				BC52CB062727C046008254F9 /* Models */,
				BC97B046271FB83F00826F81 /* Commons */,
				BC97B045271FB83200826F81 /* Modules */,
				BC97B03F271E653200826F81 /* Info.plist */,
			);
			path = AppLikeTwitter;
			sourceTree = "<group>";
		};
		BC97B045271FB83200826F81 /* Modules */ = {
			isa = PBXGroup;
			children = (
				BC97B0502722713900826F81 /* Home */,
				BC97B047271FB88100826F81 /* Welcome */,
			);
			path = Modules;
			sourceTree = "<group>";
		};
		BC97B046271FB83F00826F81 /* Commons */ = {
			isa = PBXGroup;
			children = (
				BC97B031271E653100826F81 /* AppDelegate.swift */,
				BC97B035271E653100826F81 /* ViewController.swift */,
				BC97B03A271E653200826F81 /* Assets.xcassets */,
				BC97B03C271E653200826F81 /* LaunchScreen.storyboard */,
			);
			path = Commons;
			sourceTree = "<group>";
		};
		BC97B047271FB88100826F81 /* Welcome */ = {
			isa = PBXGroup;
			children = (
				BC97B048271FB8A800826F81 /* Welcome.storyboard */,
				BC97B04A272117B300826F81 /* WelcomeViewController.swift */,
				BC97B04C272117CB00826F81 /* LoginViewController.swift */,
				BC97B04E272117D800826F81 /* RegisterViewController.swift */,
			);
			path = Welcome;
			sourceTree = "<group>";
		};
		BC97B0502722713900826F81 /* Home */ = {
			isa = PBXGroup;
			children = (
				BC97B0512722715100826F81 /* Home.storyboard */,
			);
			path = Home;
			sourceTree = "<group>";
		};
		E61F0E97A6E9611872816DB9 /* Frameworks */ = {
			isa = PBXGroup;
			children = (
				BA2F9A83AC035B112CBCA41D /* Pods_AppLikeTwitter.framework */,
			);
			name = Frameworks;
			sourceTree = "<group>";
		};
/* End PBXGroup section */

/* Begin PBXNativeTarget section */
		BC97B02D271E653100826F81 /* AppLikeTwitter */ = {
			isa = PBXNativeTarget;
			buildConfigurationList = BC97B042271E653200826F81 /* Build configuration list for PBXNativeTarget "AppLikeTwitter" */;
			buildPhases = (
				E73617925CE809C5C86BA6DE /* [CP] Check Pods Manifest.lock */,
				BC97B02A271E653100826F81 /* Sources */,
				BC97B02B271E653100826F81 /* Frameworks */,
				BC97B02C271E653100826F81 /* Resources */,
				715929EFC79972ADB538BBF3 /* [CP] Embed Pods Frameworks */,
			);
			buildRules = (
			);
			dependencies = (
			);
			name = AppLikeTwitter;
			productName = AppLikeTwitter;
			productReference = BC97B02E271E653100826F81 /* AppLikeTwitter.app */;
			productType = "com.apple.product-type.application";
		};
/* End PBXNativeTarget section */

/* Begin PBXProject section */
		BC97B026271E653100826F81 /* Project object */ = {
			isa = PBXProject;
			attributes = {
				BuildIndependentTargetsInParallel = 1;
				LastSwiftUpdateCheck = 1300;
				LastUpgradeCheck = 1300;
				TargetAttributes = {
					BC97B02D271E653100826F81 = {
						CreatedOnToolsVersion = 13.0;
					};
				};
			};
			buildConfigurationList = BC97B029271E653100826F81 /* Build configuration list for PBXProject "AppLikeTwitter" */;
			compatibilityVersion = "Xcode 13.0";
			developmentRegion = en;
			hasScannedForEncodings = 0;
			knownRegions = (
				en,
				Base,
			);
			mainGroup = BC97B025271E653100826F81;
			productRefGroup = BC97B02F271E653100826F81 /* Products */;
			projectDirPath = "";
			projectRoot = "";
			targets = (
				BC97B02D271E653100826F81 /* AppLikeTwitter */,
			);
		};
/* End PBXProject section */

/* Begin PBXResourcesBuildPhase section */
		BC97B02C271E653100826F81 /* Resources */ = {
			isa = PBXResourcesBuildPhase;
			buildActionMask = 2147483647;
			files = (
				BC97B03E271E653200826F81 /* LaunchScreen.storyboard in Resources */,
				BC97B03B271E653200826F81 /* Assets.xcassets in Resources */,
				BC97B049271FB8A800826F81 /* Welcome.storyboard in Resources */,
				BC97B0522722715100826F81 /* Home.storyboard in Resources */,
			);
			runOnlyForDeploymentPostprocessing = 0;
		};
/* End PBXResourcesBuildPhase section */

/* Begin PBXShellScriptBuildPhase section */
		715929EFC79972ADB538BBF3 /* [CP] Embed Pods Frameworks */ = {
			isa = PBXShellScriptBuildPhase;
			buildActionMask = 2147483647;
			files = (
			);
			inputFileListPaths = (
				"${PODS_ROOT}/Target Support Files/Pods-AppLikeTwitter/Pods-AppLikeTwitter-frameworks-${CONFIGURATION}-input-files.xcfilelist",
			);
			name = "[CP] Embed Pods Frameworks";
			outputFileListPaths = (
				"${PODS_ROOT}/Target Support Files/Pods-AppLikeTwitter/Pods-AppLikeTwitter-frameworks-${CONFIGURATION}-output-files.xcfilelist",
			);
			runOnlyForDeploymentPostprocessing = 0;
			shellPath = /bin/sh;
			shellScript = "\"${PODS_ROOT}/Target Support Files/Pods-AppLikeTwitter/Pods-AppLikeTwitter-frameworks.sh\"\n";
			showEnvVarsInLog = 0;
		};
		E73617925CE809C5C86BA6DE /* [CP] Check Pods Manifest.lock */ = {
			isa = PBXShellScriptBuildPhase;
			buildActionMask = 2147483647;
			files = (
			);
			inputFileListPaths = (
			);
			inputPaths = (
				"${PODS_PODFILE_DIR_PATH}/Podfile.lock",
				"${PODS_ROOT}/Manifest.lock",
			);
			name = "[CP] Check Pods Manifest.lock";
			outputFileListPaths = (
			);
			outputPaths = (
				"$(DERIVED_FILE_DIR)/Pods-AppLikeTwitter-checkManifestLockResult.txt",
			);
			runOnlyForDeploymentPostprocessing = 0;
			shellPath = /bin/sh;
			shellScript = "diff \"${PODS_PODFILE_DIR_PATH}/Podfile.lock\" \"${PODS_ROOT}/Manifest.lock\" > /dev/null\nif [ $? != 0 ] ; then\n    # print error to STDERR\n    echo \"error: The sandbox is not in sync with the Podfile.lock. Run 'pod install' or update your CocoaPods installation.\" >&2\n    exit 1\nfi\n# This output is used by Xcode 'outputs' to avoid re-running this script phase.\necho \"SUCCESS\" > \"${SCRIPT_OUTPUT_FILE_0}\"\n";
			showEnvVarsInLog = 0;
		};
/* End PBXShellScriptBuildPhase section */

/* Begin PBXSourcesBuildPhase section */
		BC97B02A271E653100826F81 /* Sources */ = {
			isa = PBXSourcesBuildPhase;
			buildActionMask = 2147483647;
			files = (
				BC97B04D272117CB00826F81 /* LoginViewController.swift in Sources */,
				BC97B04F272117D800826F81 /* RegisterViewController.swift in Sources */,
				BCD49476272B902300631834 /* RegisterRequest.swift in Sources */,
				BC97B04B272117B300826F81 /* WelcomeViewController.swift in Sources */,
				BC97B036271E653100826F81 /* ViewController.swift in Sources */,
				BC52CB082727C07A008254F9 /* Endpoints.swift in Sources */,
				BC52CB172728E958008254F9 /* DeleteResponse.swift in Sources */,
				BC52CB0B2727C0C0008254F9 /* LoginRequest.swift in Sources */,
				BC52CB132728E6E5008254F9 /* Tweets.swift in Sources */,
				BC52CB0F2727C137008254F9 /* ErrorResponse.swift in Sources */,
				BC52CB0D2727C105008254F9 /* LoginResponse.swift in Sources */,
				BC52CB112727C159008254F9 /* User.swift in Sources */,
				BC52CB192728E9C0008254F9 /* TweetRequest.swift in Sources */,
				BC52CB152728E899008254F9 /* Location.swift in Sources */,
				BC97B032271E653100826F81 /* AppDelegate.swift in Sources */,
			);
			runOnlyForDeploymentPostprocessing = 0;
		};
/* End PBXSourcesBuildPhase section */

/* Begin PBXVariantGroup section */
		BC97B03C271E653200826F81 /* LaunchScreen.storyboard */ = {
			isa = PBXVariantGroup;
			children = (
				BC97B03D271E653200826F81 /* Base */,
			);
			name = LaunchScreen.storyboard;
			sourceTree = "<group>";
		};
/* End PBXVariantGroup section */

/* Begin XCBuildConfiguration section */
		BC97B040271E653200826F81 /* Debug */ = {
			isa = XCBuildConfiguration;
			buildSettings = {
				ALWAYS_SEARCH_USER_PATHS = NO;
				CLANG_ANALYZER_NONNULL = YES;
				CLANG_ANALYZER_NUMBER_OBJECT_CONVERSION = YES_AGGRESSIVE;
				CLANG_CXX_LANGUAGE_STANDARD = "gnu++17";
				CLANG_CXX_LIBRARY = "libc++";
				CLANG_ENABLE_MODULES = YES;
				CLANG_ENABLE_OBJC_ARC = YES;
				CLANG_ENABLE_OBJC_WEAK = YES;
				CLANG_WARN_BLOCK_CAPTURE_AUTORELEASING = YES;
				CLANG_WARN_BOOL_CONVERSION = YES;
				CLANG_WARN_COMMA = YES;
				CLANG_WARN_CONSTANT_CONVERSION = YES;
				CLANG_WARN_DEPRECATED_OBJC_IMPLEMENTATIONS = YES;
				CLANG_WARN_DIRECT_OBJC_ISA_USAGE = YES_ERROR;
				CLANG_WARN_DOCUMENTATION_COMMENTS = YES;
				CLANG_WARN_EMPTY_BODY = YES;
				CLANG_WARN_ENUM_CONVERSION = YES;
				CLANG_WARN_INFINITE_RECURSION = YES;
				CLANG_WARN_INT_CONVERSION = YES;
				CLANG_WARN_NON_LITERAL_NULL_CONVERSION = YES;
				CLANG_WARN_OBJC_IMPLICIT_RETAIN_SELF = YES;
				CLANG_WARN_OBJC_LITERAL_CONVERSION = YES;
				CLANG_WARN_OBJC_ROOT_CLASS = YES_ERROR;
				CLANG_WARN_QUOTED_INCLUDE_IN_FRAMEWORK_HEADER = YES;
				CLANG_WARN_RANGE_LOOP_ANALYSIS = YES;
				CLANG_WARN_STRICT_PROTOTYPES = YES;
				CLANG_WARN_SUSPICIOUS_MOVE = YES;
				CLANG_WARN_UNGUARDED_AVAILABILITY = YES_AGGRESSIVE;
				CLANG_WARN_UNREACHABLE_CODE = YES;
				CLANG_WARN__DUPLICATE_METHOD_MATCH = YES;
				COPY_PHASE_STRIP = NO;
				DEBUG_INFORMATION_FORMAT = dwarf;
				ENABLE_STRICT_OBJC_MSGSEND = YES;
				ENABLE_TESTABILITY = YES;
				"EXCLUDED_ARCHS[sdk=iphonesimulator*]" = arm64;
				GCC_C_LANGUAGE_STANDARD = gnu11;
				GCC_DYNAMIC_NO_PIC = NO;
				GCC_NO_COMMON_BLOCKS = YES;
				GCC_OPTIMIZATION_LEVEL = 0;
				GCC_PREPROCESSOR_DEFINITIONS = (
					"DEBUG=1",
					"$(inherited)",
				);
				GCC_WARN_64_TO_32_BIT_CONVERSION = YES;
				GCC_WARN_ABOUT_RETURN_TYPE = YES_ERROR;
				GCC_WARN_UNDECLARED_SELECTOR = YES;
				GCC_WARN_UNINITIALIZED_AUTOS = YES_AGGRESSIVE;
				GCC_WARN_UNUSED_FUNCTION = YES;
				GCC_WARN_UNUSED_VARIABLE = YES;
				IPHONEOS_DEPLOYMENT_TARGET = 15.0;
				MTL_ENABLE_DEBUG_INFO = INCLUDE_SOURCE;
				MTL_FAST_MATH = YES;
				ONLY_ACTIVE_ARCH = YES;
				SDKROOT = iphoneos;
				SWIFT_ACTIVE_COMPILATION_CONDITIONS = DEBUG;
				SWIFT_OPTIMIZATION_LEVEL = "-Onone";
			};
			name = Debug;
		};
		BC97B041271E653200826F81 /* Release */ = {
			isa = XCBuildConfiguration;
			buildSettings = {
				ALWAYS_SEARCH_USER_PATHS = NO;
				CLANG_ANALYZER_NONNULL = YES;
				CLANG_ANALYZER_NUMBER_OBJECT_CONVERSION = YES_AGGRESSIVE;
				CLANG_CXX_LANGUAGE_STANDARD = "gnu++17";
				CLANG_CXX_LIBRARY = "libc++";
				CLANG_ENABLE_MODULES = YES;
				CLANG_ENABLE_OBJC_ARC = YES;
				CLANG_ENABLE_OBJC_WEAK = YES;
				CLANG_WARN_BLOCK_CAPTURE_AUTORELEASING = YES;
				CLANG_WARN_BOOL_CONVERSION = YES;
				CLANG_WARN_COMMA = YES;
				CLANG_WARN_CONSTANT_CONVERSION = YES;
				CLANG_WARN_DEPRECATED_OBJC_IMPLEMENTATIONS = YES;
				CLANG_WARN_DIRECT_OBJC_ISA_USAGE = YES_ERROR;
				CLANG_WARN_DOCUMENTATION_COMMENTS = YES;
				CLANG_WARN_EMPTY_BODY = YES;
				CLANG_WARN_ENUM_CONVERSION = YES;
				CLANG_WARN_INFINITE_RECURSION = YES;
				CLANG_WARN_INT_CONVERSION = YES;
				CLANG_WARN_NON_LITERAL_NULL_CONVERSION = YES;
				CLANG_WARN_OBJC_IMPLICIT_RETAIN_SELF = YES;
				CLANG_WARN_OBJC_LITERAL_CONVERSION = YES;
				CLANG_WARN_OBJC_ROOT_CLASS = YES_ERROR;
				CLANG_WARN_QUOTED_INCLUDE_IN_FRAMEWORK_HEADER = YES;
				CLANG_WARN_RANGE_LOOP_ANALYSIS = YES;
				CLANG_WARN_STRICT_PROTOTYPES = YES;
				CLANG_WARN_SUSPICIOUS_MOVE = YES;
				CLANG_WARN_UNGUARDED_AVAILABILITY = YES_AGGRESSIVE;
				CLANG_WARN_UNREACHABLE_CODE = YES;
				CLANG_WARN__DUPLICATE_METHOD_MATCH = YES;
				COPY_PHASE_STRIP = NO;
				DEBUG_INFORMATION_FORMAT = "dwarf-with-dsym";
				ENABLE_NS_ASSERTIONS = NO;
				ENABLE_STRICT_OBJC_MSGSEND = YES;
				"EXCLUDED_ARCHS[sdk=iphonesimulator*]" = arm64;
				GCC_C_LANGUAGE_STANDARD = gnu11;
				GCC_NO_COMMON_BLOCKS = YES;
				GCC_WARN_64_TO_32_BIT_CONVERSION = YES;
				GCC_WARN_ABOUT_RETURN_TYPE = YES_ERROR;
				GCC_WARN_UNDECLARED_SELECTOR = YES;
				GCC_WARN_UNINITIALIZED_AUTOS = YES_AGGRESSIVE;
				GCC_WARN_UNUSED_FUNCTION = YES;
				GCC_WARN_UNUSED_VARIABLE = YES;
				IPHONEOS_DEPLOYMENT_TARGET = 15.0;
				MTL_ENABLE_DEBUG_INFO = NO;
				MTL_FAST_MATH = YES;
				SDKROOT = iphoneos;
				SWIFT_COMPILATION_MODE = wholemodule;
				SWIFT_OPTIMIZATION_LEVEL = "-O";
				VALIDATE_PRODUCT = YES;
			};
			name = Release;
		};
		BC97B043271E653200826F81 /* Debug */ = {
			isa = XCBuildConfiguration;
			baseConfigurationReference = C9C534E2324B57B02BFB3A5D /* Pods-AppLikeTwitter.debug.xcconfig */;
			buildSettings = {
				ASSETCATALOG_COMPILER_APPICON_NAME = AppIcon;
				ASSETCATALOG_COMPILER_GLOBAL_ACCENT_COLOR_NAME = AccentColor;
				CODE_SIGN_STYLE = Automatic;
				CURRENT_PROJECT_VERSION = 1;
				DEVELOPMENT_TEAM = 77U5G927B3;
				"EXCLUDED_ARCHS[sdk=iphonesimulator*]" = arm64;
				GENERATE_INFOPLIST_FILE = YES;
				INFOPLIST_FILE = AppLikeTwitter/Info.plist;
				INFOPLIST_KEY_UIApplicationSupportsIndirectInputEvents = YES;
				INFOPLIST_KEY_UILaunchStoryboardName = LaunchScreen;
				INFOPLIST_KEY_UIMainStoryboardFile = Welcome;
				INFOPLIST_KEY_UISupportedInterfaceOrientations = UIInterfaceOrientationPortrait;
				INFOPLIST_KEY_UISupportedInterfaceOrientations_iPad = "UIInterfaceOrientationPortrait UIInterfaceOrientationPortraitUpsideDown UIInterfaceOrientationLandscapeLeft UIInterfaceOrientationLandscapeRight";
				INFOPLIST_KEY_UISupportedInterfaceOrientations_iPhone = "UIInterfaceOrientationPortrait UIInterfaceOrientationLandscapeLeft UIInterfaceOrientationLandscapeRight";
				IPHONEOS_DEPLOYMENT_TARGET = 12.0;
				LD_RUNPATH_SEARCH_PATHS = (
					"$(inherited)",
					"@executable_path/Frameworks",
				);
				MARKETING_VERSION = 1.0;
				PRODUCT_BUNDLE_IDENTIFIER = com.josefrancasrod.AppLikeTwitter;
				PRODUCT_NAME = "$(TARGET_NAME)";
				SWIFT_EMIT_LOC_STRINGS = YES;
				SWIFT_VERSION = 5.0;
				TARGETED_DEVICE_FAMILY = 1;
			};
			name = Debug;
		};
		BC97B044271E653200826F81 /* Release */ = {
			isa = XCBuildConfiguration;
			baseConfigurationReference = D23417C610E8524A7DED044D /* Pods-AppLikeTwitter.release.xcconfig */;
			buildSettings = {
				ASSETCATALOG_COMPILER_APPICON_NAME = AppIcon;
				ASSETCATALOG_COMPILER_GLOBAL_ACCENT_COLOR_NAME = AccentColor;
				CODE_SIGN_STYLE = Automatic;
				CURRENT_PROJECT_VERSION = 1;
				DEVELOPMENT_TEAM = 77U5G927B3;
				"EXCLUDED_ARCHS[sdk=iphonesimulator*]" = arm64;
				GENERATE_INFOPLIST_FILE = YES;
				INFOPLIST_FILE = AppLikeTwitter/Info.plist;
				INFOPLIST_KEY_UIApplicationSupportsIndirectInputEvents = YES;
				INFOPLIST_KEY_UILaunchStoryboardName = LaunchScreen;
				INFOPLIST_KEY_UIMainStoryboardFile = Welcome;
				INFOPLIST_KEY_UISupportedInterfaceOrientations = UIInterfaceOrientationPortrait;
				INFOPLIST_KEY_UISupportedInterfaceOrientations_iPad = "UIInterfaceOrientationPortrait UIInterfaceOrientationPortraitUpsideDown UIInterfaceOrientationLandscapeLeft UIInterfaceOrientationLandscapeRight";
				INFOPLIST_KEY_UISupportedInterfaceOrientations_iPhone = "UIInterfaceOrientationPortrait UIInterfaceOrientationLandscapeLeft UIInterfaceOrientationLandscapeRight";
				IPHONEOS_DEPLOYMENT_TARGET = 12.0;
				LD_RUNPATH_SEARCH_PATHS = (
					"$(inherited)",
					"@executable_path/Frameworks",
				);
				MARKETING_VERSION = 1.0;
				PRODUCT_BUNDLE_IDENTIFIER = com.josefrancasrod.AppLikeTwitter;
				PRODUCT_NAME = "$(TARGET_NAME)";
				SWIFT_EMIT_LOC_STRINGS = YES;
				SWIFT_VERSION = 5.0;
				TARGETED_DEVICE_FAMILY = 1;
			};
			name = Release;
		};
/* End XCBuildConfiguration section */

/* Begin XCConfigurationList section */
		BC97B029271E653100826F81 /* Build configuration list for PBXProject "AppLikeTwitter" */ = {
			isa = XCConfigurationList;
			buildConfigurations = (
				BC97B040271E653200826F81 /* Debug */,
				BC97B041271E653200826F81 /* Release */,
			);
			defaultConfigurationIsVisible = 0;
			defaultConfigurationName = Release;
		};
		BC97B042271E653200826F81 /* Build configuration list for PBXNativeTarget "AppLikeTwitter" */ = {
			isa = XCConfigurationList;
			buildConfigurations = (
				BC97B043271E653200826F81 /* Debug */,
				BC97B044271E653200826F81 /* Release */,
			);
			defaultConfigurationIsVisible = 0;
			defaultConfigurationName = Release;
		};
/* End XCConfigurationList section */
	};
	rootObject = BC97B026271E653100826F81 /* Project object */;
}
